
Microsoft Visual Studio Solution File, Format Version 12.00
# Visual Studio Version 17
VisualStudioVersion = 17.5.33402.96
MinimumVisualStudioVersion = 10.0.40219.1
Project("{FAE04EC0-301F-11D3-BF4B-00C04F79EFBC}") = "Prog_124_Static_Example_WPF", "Prog_124_Static_Example_WPF.csproj", "{867FDD2E-02A5-47C8-9BB5-F0B75B228662}"
EndProject
Global
	GlobalSection(SolutionConfigurationPlatforms) = preSolution
		Debug|Any CPU = Debug|Any CPU
		Release|Any CPU = Release|Any CPU
	EndGlobalSection
	GlobalSection(ProjectConfigurationPlatforms) = postSolution
		{867FDD2E-02A5-47C8-9BB5-F0B75B228662}.Debug|Any CPU.ActiveCfg = Debug|Any CPU
		{867FDD2E-02A5-47C8-9BB5-F0B75B228662}.Debug|Any CPU.Build.0 = Debug|Any CPU
		{867FDD2E-02A5-47C8-9BB5-F0B75B228662}.Release|Any CPU.ActiveCfg = Release|Any CPU
		{867FDD2E-02A5-47C8-9BB5-F0B75B228662}.Release|Any CPU.Build.0 = Release|Any CPU
	EndGlobalSection
	GlobalSection(SolutionProperties) = preSolution
		HideSolutionNode = FALSE
	EndGlobalSection
	GlobalSection(ExtensibilityGlobals) = postSolution
		SolutionGuid = {5F0E453E-F6FF-4F7B-946C-E87F84C69052}
	EndGlobalSection
EndGlobal
